
Microsoft Visual Studio Solution File, Format Version 12.00
Project("{FAE04EC0-301F-11D3-BF4B-00C04F79EFBC}") = "DAL", "DAL\DAL.csproj", "{D83EF123-223A-404B-BAE1-BFDA6244004D}"
EndProject
Project("{FAE04EC0-301F-11D3-BF4B-00C04F79EFBC}") = "BLL", "BLL\BLL.csproj", "{FEC76B11-9C35-4C56-BC0A-BEB73BE50546}"
EndProject
Project("{FAE04EC0-301F-11D3-BF4B-00C04F79EFBC}") = "WebAPI", "WebAPI\WebAPI.csproj", "{23E46AB9-F10D-43CB-8192-E805C3A2E217}"
EndProject
Global
	GlobalSection(SolutionConfigurationPlatforms) = preSolution
		Debug|Any CPU = Debug|Any CPU
		Release|Any CPU = Release|Any CPU
	EndGlobalSection
	GlobalSection(ProjectConfigurationPlatforms) = postSolution
		{D83EF123-223A-404B-BAE1-BFDA6244004D}.Debug|Any CPU.ActiveCfg = Debug|Any CPU
		{D83EF123-223A-404B-BAE1-BFDA6244004D}.Debug|Any CPU.Build.0 = Debug|Any CPU
		{D83EF123-223A-404B-BAE1-BFDA6244004D}.Release|Any CPU.ActiveCfg = Release|Any CPU
		{D83EF123-223A-404B-BAE1-BFDA6244004D}.Release|Any CPU.Build.0 = Release|Any CPU
		{FEC76B11-9C35-4C56-BC0A-BEB73BE50546}.Debug|Any CPU.ActiveCfg = Debug|Any CPU
		{FEC76B11-9C35-4C56-BC0A-BEB73BE50546}.Debug|Any CPU.Build.0 = Debug|Any CPU
		{FEC76B11-9C35-4C56-BC0A-BEB73BE50546}.Release|Any CPU.ActiveCfg = Release|Any CPU
		{FEC76B11-9C35-4C56-BC0A-BEB73BE50546}.Release|Any CPU.Build.0 = Release|Any CPU
		{23E46AB9-F10D-43CB-8192-E805C3A2E217}.Debug|Any CPU.ActiveCfg = Debug|Any CPU
		{23E46AB9-F10D-43CB-8192-E805C3A2E217}.Debug|Any CPU.Build.0 = Debug|Any CPU
		{23E46AB9-F10D-43CB-8192-E805C3A2E217}.Release|Any CPU.ActiveCfg = Release|Any CPU
		{23E46AB9-F10D-43CB-8192-E805C3A2E217}.Release|Any CPU.Build.0 = Release|Any CPU
	EndGlobalSection
EndGlobal
